
Microsoft Visual Studio Solution File, Format Version 12.00
# Visual Studio Version 17
VisualStudioVersion = 17.0.31919.166
MinimumVisualStudioVersion = 10.0.40219.1
Project("{FAE04EC0-301F-11D3-BF4B-00C04F79EFBC}") = "ABookSpider.ConsoleApp", "ABookSpider.ConsoleApp\ABookSpider.ConsoleApp.csproj", "{BBB023DE-5E19-4A5A-9180-D0AFBD8CE909}"
EndProject
Project("{FAE04EC0-301F-11D3-BF4B-00C04F79EFBC}") = "ABookSpider.Entity", "ABookSpider.Entity\ABookSpider.Entity.csproj", "{EFDB7DFD-0118-4563-9B7C-234590F12064}"
EndProject
Global
	GlobalSection(SolutionConfigurationPlatforms) = preSolution
		Debug|Any CPU = Debug|Any CPU
		Release|Any CPU = Release|Any CPU
	EndGlobalSection
	GlobalSection(ProjectConfigurationPlatforms) = postSolution
		{BBB023DE-5E19-4A5A-9180-D0AFBD8CE909}.Debug|Any CPU.ActiveCfg = Debug|Any CPU
		{BBB023DE-5E19-4A5A-9180-D0AFBD8CE909}.Debug|Any CPU.Build.0 = Debug|Any CPU
		{BBB023DE-5E19-4A5A-9180-D0AFBD8CE909}.Release|Any CPU.ActiveCfg = Release|Any CPU
		{BBB023DE-5E19-4A5A-9180-D0AFBD8CE909}.Release|Any CPU.Build.0 = Release|Any CPU
		{EFDB7DFD-0118-4563-9B7C-234590F12064}.Debug|Any CPU.ActiveCfg = Debug|Any CPU
		{EFDB7DFD-0118-4563-9B7C-234590F12064}.Debug|Any CPU.Build.0 = Debug|Any CPU
		{EFDB7DFD-0118-4563-9B7C-234590F12064}.Release|Any CPU.ActiveCfg = Release|Any CPU
		{EFDB7DFD-0118-4563-9B7C-234590F12064}.Release|Any CPU.Build.0 = Release|Any CPU
	EndGlobalSection
	GlobalSection(SolutionProperties) = preSolution
		HideSolutionNode = FALSE
	EndGlobalSection
	GlobalSection(ExtensibilityGlobals) = postSolution
		SolutionGuid = {A596FCD1-769D-447A-BACB-37D2D26C756D}
	EndGlobalSection
EndGlobal
